
Microsoft Visual Studio Solution File, Format Version 12.00
# Visual Studio Version 17
VisualStudioVersion = 17.0.32014.148
MinimumVisualStudioVersion = 10.0.40219.1
Project("{888888A0-9F3D-457C-B088-3A5042F75D52}") = "my_data_structure", "my_data_structure.pyproj", "{B9BC003F-A681-4448-BCF8-751961DB4A01}"
EndProject
Global
	GlobalSection(SolutionConfigurationPlatforms) = preSolution
		Debug|Any CPU = Debug|Any CPU
		Release|Any CPU = Release|Any CPU
	EndGlobalSection
	GlobalSection(ProjectConfigurationPlatforms) = postSolution
		{B9BC003F-A681-4448-BCF8-751961DB4A01}.Debug|Any CPU.ActiveCfg = Debug|Any CPU
		{B9BC003F-A681-4448-BCF8-751961DB4A01}.Release|Any CPU.ActiveCfg = Release|Any CPU
	EndGlobalSection
	GlobalSection(SolutionProperties) = preSolution
		HideSolutionNode = FALSE
	EndGlobalSection
	GlobalSection(ExtensibilityGlobals) = postSolution
		SolutionGuid = {CBAC4100-A0AD-4D81-B111-A20662136AF6}
	EndGlobalSection
EndGlobal
